
Microsoft Visual Studio Solution File, Format Version 12.00
# Visual Studio Version 16
VisualStudioVersion = 16.0.31205.134
MinimumVisualStudioVersion = 10.0.40219.1
Project("{FAE04EC0-301F-11D3-BF4B-00C04F79EFBC}") = "ReactClientCustomerAppointmentWithMVC-API", "ReactClientCustomerAppointmentWithMVC-API.csproj", "{801F7039-FA7D-48F6-9031-B117C91223F3}"
EndProject
Global
	GlobalSection(SolutionConfigurationPlatforms) = preSolution
		Debug|Any CPU = Debug|Any CPU
		Release|Any CPU = Release|Any CPU
	EndGlobalSection
	GlobalSection(ProjectConfigurationPlatforms) = postSolution
		{801F7039-FA7D-48F6-9031-B117C91223F3}.Debug|Any CPU.ActiveCfg = Debug|Any CPU
		{801F7039-FA7D-48F6-9031-B117C91223F3}.Debug|Any CPU.Build.0 = Debug|Any CPU
		{801F7039-FA7D-48F6-9031-B117C91223F3}.Release|Any CPU.ActiveCfg = Release|Any CPU
		{801F7039-FA7D-48F6-9031-B117C91223F3}.Release|Any CPU.Build.0 = Release|Any CPU
	EndGlobalSection
	GlobalSection(SolutionProperties) = preSolution
		HideSolutionNode = FALSE
	EndGlobalSection
	GlobalSection(ExtensibilityGlobals) = postSolution
		SolutionGuid = {AAD77B04-F02F-4D41-995D-D21D617C918D}
	EndGlobalSection
EndGlobal
